
Microsoft Visual Studio Solution File, Format Version 12.00
# Visual Studio Version 17
VisualStudioVersion = 17.10.35027.167
MinimumVisualStudioVersion = 10.0.40219.1
Project("{FAE04EC0-301F-11D3-BF4B-00C04F79EFBC}") = "MauiAppTempoAgora", "MauiAppTempoAgora\MauiAppTempoAgora.csproj", "{A3EF464A-0694-4611-B4BE-0FB7806FC756}"
EndProject
Global
	GlobalSection(SolutionConfigurationPlatforms) = preSolution
		Debug|Any CPU = Debug|Any CPU
		Release|Any CPU = Release|Any CPU
	EndGlobalSection
	GlobalSection(ProjectConfigurationPlatforms) = postSolution
		{A3EF464A-0694-4611-B4BE-0FB7806FC756}.Debug|Any CPU.ActiveCfg = Debug|Any CPU
		{A3EF464A-0694-4611-B4BE-0FB7806FC756}.Debug|Any CPU.Build.0 = Debug|Any CPU
		{A3EF464A-0694-4611-B4BE-0FB7806FC756}.Debug|Any CPU.Deploy.0 = Debug|Any CPU
		{A3EF464A-0694-4611-B4BE-0FB7806FC756}.Release|Any CPU.ActiveCfg = Release|Any CPU
		{A3EF464A-0694-4611-B4BE-0FB7806FC756}.Release|Any CPU.Build.0 = Release|Any CPU
		{A3EF464A-0694-4611-B4BE-0FB7806FC756}.Release|Any CPU.Deploy.0 = Release|Any CPU
	EndGlobalSection
	GlobalSection(SolutionProperties) = preSolution
		HideSolutionNode = FALSE
	EndGlobalSection
	GlobalSection(ExtensibilityGlobals) = postSolution
		SolutionGuid = {396D3C2A-D2CE-4CF0-BD55-C474255E006E}
	EndGlobalSection
EndGlobal
